
Microsoft Visual Studio Solution File, Format Version 12.00
# Visual Studio Version 17
VisualStudioVersion = 17.3.32901.215
MinimumVisualStudioVersion = 10.0.40219.1
Project("{FAE04EC0-301F-11D3-BF4B-00C04F79EFBC}") = "PEUtils", "PEUtils\PEUtils.csproj", "{C058D2BC-C9E5-4D5D-9BDC-905FBCDD69B0}"
EndProject
Global
	GlobalSection(SolutionConfigurationPlatforms) = preSolution
		Debug|Any CPU = Debug|Any CPU
		Release|Any CPU = Release|Any CPU
	EndGlobalSection
	GlobalSection(ProjectConfigurationPlatforms) = postSolution
		{C058D2BC-C9E5-4D5D-9BDC-905FBCDD69B0}.Debug|Any CPU.ActiveCfg = Debug|Any CPU
		{C058D2BC-C9E5-4D5D-9BDC-905FBCDD69B0}.Debug|Any CPU.Build.0 = Debug|Any CPU
		{C058D2BC-C9E5-4D5D-9BDC-905FBCDD69B0}.Release|Any CPU.ActiveCfg = Release|Any CPU
		{C058D2BC-C9E5-4D5D-9BDC-905FBCDD69B0}.Release|Any CPU.Build.0 = Release|Any CPU
	EndGlobalSection
	GlobalSection(SolutionProperties) = preSolution
		HideSolutionNode = FALSE
	EndGlobalSection
	GlobalSection(ExtensibilityGlobals) = postSolution
		SolutionGuid = {CE85A4CF-B705-495C-B09C-BF6D99377D4C}
	EndGlobalSection
EndGlobal
